// !$*UTF8*$!
{
	archiveVersion = 1;
	classes = {
	};
	objectVersion = 46;
	objects = {

/* Begin PBXBuildFile section */
		372DE8181D4E4D47009725E1 /* Extensions.swift in Sources */ = {isa = PBXBuildFile; fileRef = 372DE8171D4E4D47009725E1 /* Extensions.swift */; };
		890FC1B01CFC071600D1FD73 /* SemanticsWindowController.swift in Sources */ = {isa = PBXBuildFile; fileRef = 890FC1AF1CFC071600D1FD73 /* SemanticsWindowController.swift */; };
		890FC1B41CFC097200D1FD73 /* SemanticsWindowController.xib in Resources */ = {isa = PBXBuildFile; fileRef = 890FC1B31CFC097200D1FD73 /* SemanticsWindowController.xib */; };
		891E42F61CE6FD8D003C3333 /* AppDelegate.swift in Sources */ = {isa = PBXBuildFile; fileRef = 891E42F51CE6FD8D003C3333 /* AppDelegate.swift */; };
		891E42F81CE6FD8D003C3333 /* Assets.xcassets in Resources */ = {isa = PBXBuildFile; fileRef = 891E42F71CE6FD8D003C3333 /* Assets.xcassets */; };
		891E42FB1CE6FD8D003C3333 /* MainMenu.xib in Resources */ = {isa = PBXBuildFile; fileRef = 891E42F91CE6FD8D003C3333 /* MainMenu.xib */; };
		891E43061CE6FD8D003C3333 /* BarlimanTests.swift in Sources */ = {isa = PBXBuildFile; fileRef = 891E43051CE6FD8D003C3333 /* BarlimanTests.swift */; };
		891E43111CE6FD8D003C3333 /* BarlimanUITests.swift in Sources */ = {isa = PBXBuildFile; fileRef = 891E43101CE6FD8D003C3333 /* BarlimanUITests.swift */; };
		891E43241CE7098D003C3333 /* EditorWindowController.swift in Sources */ = {isa = PBXBuildFile; fileRef = 891E43221CE7098D003C3333 /* EditorWindowController.swift */; };
		891E43251CE7098D003C3333 /* EditorWindowController.xib in Resources */ = {isa = PBXBuildFile; fileRef = 891E43231CE7098D003C3333 /* EditorWindowController.xib */; };
		89393D371D0C1BB30067D19A /* SchemeEditorTextView.swift in Sources */ = {isa = PBXBuildFile; fileRef = 89393D361D0C1BB30067D19A /* SchemeEditorTextView.swift */; };
		89B081521CF195F5007E6ABA /* mk-and-rel-interp in Resources */ = {isa = PBXBuildFile; fileRef = 89B081511CF195F5007E6ABA /* mk-and-rel-interp */; };
		89C405A61CF426BE009970A7 /* RunSchemeOperation.swift in Sources */ = {isa = PBXBuildFile; fileRef = 89C405A51CF426BE009970A7 /* RunSchemeOperation.swift */; };
/* End PBXBuildFile section */

/* Begin PBXContainerItemProxy section */
		891E43021CE6FD8D003C3333 /* PBXContainerItemProxy */ = {
			isa = PBXContainerItemProxy;
			containerPortal = 891E42EA1CE6FD8C003C3333 /* Project object */;
			proxyType = 1;
			remoteGlobalIDString = 891E42F11CE6FD8C003C3333;
			remoteInfo = Barliman;
		};
		891E430D1CE6FD8D003C3333 /* PBXContainerItemProxy */ = {
			isa = PBXContainerItemProxy;
			containerPortal = 891E42EA1CE6FD8C003C3333 /* Project object */;
			proxyType = 1;
			remoteGlobalIDString = 891E42F11CE6FD8C003C3333;
			remoteInfo = Barliman;
		};
/* End PBXContainerItemProxy section */

/* Begin PBXFileReference section */
		372DE8171D4E4D47009725E1 /* Extensions.swift */ = {isa = PBXFileReference; fileEncoding = 4; indentWidth = 4; lastKnownFileType = sourcecode.swift; path = Extensions.swift; sourceTree = "<group>"; tabWidth = 4; };
		890FC1AF1CFC071600D1FD73 /* SemanticsWindowController.swift */ = {isa = PBXFileReference; fileEncoding = 4; lastKnownFileType = sourcecode.swift; path = SemanticsWindowController.swift; sourceTree = "<group>"; };
		890FC1B31CFC097200D1FD73 /* SemanticsWindowController.xib */ = {isa = PBXFileReference; fileEncoding = 4; lastKnownFileType = file.xib; path = SemanticsWindowController.xib; sourceTree = "<group>"; };
		891E42F21CE6FD8C003C3333 /* Barliman.app */ = {isa = PBXFileReference; explicitFileType = wrapper.application; includeInIndex = 0; path = Barliman.app; sourceTree = BUILT_PRODUCTS_DIR; };
		891E42F51CE6FD8D003C3333 /* AppDelegate.swift */ = {isa = PBXFileReference; lastKnownFileType = sourcecode.swift; path = AppDelegate.swift; sourceTree = "<group>"; };
		891E42F71CE6FD8D003C3333 /* Assets.xcassets */ = {isa = PBXFileReference; lastKnownFileType = folder.assetcatalog; path = Assets.xcassets; sourceTree = "<group>"; };
		891E42FA1CE6FD8D003C3333 /* Base */ = {isa = PBXFileReference; lastKnownFileType = file.xib; name = Base; path = Base.lproj/MainMenu.xib; sourceTree = "<group>"; };
		891E42FC1CE6FD8D003C3333 /* Info.plist */ = {isa = PBXFileReference; lastKnownFileType = text.plist.xml; path = Info.plist; sourceTree = "<group>"; };
		891E43011CE6FD8D003C3333 /* Barliman.xctest */ = {isa = PBXFileReference; explicitFileType = wrapper.cfbundle; includeInIndex = 0; path = Barliman.xctest; sourceTree = BUILT_PRODUCTS_DIR; };
		891E43051CE6FD8D003C3333 /* BarlimanTests.swift */ = {isa = PBXFileReference; lastKnownFileType = sourcecode.swift; path = BarlimanTests.swift; sourceTree = "<group>"; };
		891E43071CE6FD8D003C3333 /* Info.plist */ = {isa = PBXFileReference; lastKnownFileType = text.plist.xml; path = Info.plist; sourceTree = "<group>"; };
		891E430C1CE6FD8D003C3333 /* Barliman.xctest */ = {isa = PBXFileReference; explicitFileType = wrapper.cfbundle; includeInIndex = 0; path = Barliman.xctest; sourceTree = BUILT_PRODUCTS_DIR; };
		891E43101CE6FD8D003C3333 /* BarlimanUITests.swift */ = {isa = PBXFileReference; lastKnownFileType = sourcecode.swift; path = BarlimanUITests.swift; sourceTree = "<group>"; };
		891E43121CE6FD8D003C3333 /* Info.plist */ = {isa = PBXFileReference; lastKnownFileType = text.plist.xml; path = Info.plist; sourceTree = "<group>"; };
		891E43221CE7098D003C3333 /* EditorWindowController.swift */ = {isa = PBXFileReference; fileEncoding = 4; lastKnownFileType = sourcecode.swift; path = EditorWindowController.swift; sourceTree = "<group>"; };
		891E43231CE7098D003C3333 /* EditorWindowController.xib */ = {isa = PBXFileReference; fileEncoding = 4; lastKnownFileType = file.xib; path = EditorWindowController.xib; sourceTree = "<group>"; };
		89393D361D0C1BB30067D19A /* SchemeEditorTextView.swift */ = {isa = PBXFileReference; fileEncoding = 4; indentWidth = 4; lastKnownFileType = sourcecode.swift; path = SchemeEditorTextView.swift; sourceTree = "<group>"; tabWidth = 4; };
		89B081511CF195F5007E6ABA /* mk-and-rel-interp */ = {isa = PBXFileReference; lastKnownFileType = folder; path = "mk-and-rel-interp"; sourceTree = "<group>"; };
		89C405A51CF426BE009970A7 /* RunSchemeOperation.swift */ = {isa = PBXFileReference; fileEncoding = 4; lastKnownFileType = sourcecode.swift; path = RunSchemeOperation.swift; sourceTree = "<group>"; };
/* End PBXFileReference section */

/* Begin PBXFrameworksBuildPhase section */
		891E42EF1CE6FD8C003C3333 /* Frameworks */ = {
			isa = PBXFrameworksBuildPhase;
			buildActionMask = 2147483647;
			files = (
			);
			runOnlyForDeploymentPostprocessing = 0;
		};
		891E42FE1CE6FD8D003C3333 /* Frameworks */ = {
			isa = PBXFrameworksBuildPhase;
			buildActionMask = 2147483647;
			files = (
			);
			runOnlyForDeploymentPostprocessing = 0;
		};
		891E43091CE6FD8D003C3333 /* Frameworks */ = {
			isa = PBXFrameworksBuildPhase;
			buildActionMask = 2147483647;
			files = (
			);
			runOnlyForDeploymentPostprocessing = 0;
		};
/* End PBXFrameworksBuildPhase section */

/* Begin PBXGroup section */
		891E42E91CE6FD8C003C3333 = {
			isa = PBXGroup;
			children = (
				891E42F41CE6FD8C003C3333 /* Barliman */,
				891E43041CE6FD8D003C3333 /* BarlimanTests */,
				891E430F1CE6FD8D003C3333 /* BarlimanUITests */,
				891E42F31CE6FD8C003C3333 /* Products */,
			);
			sourceTree = "<group>";
		};
		891E42F31CE6FD8C003C3333 /* Products */ = {
			isa = PBXGroup;
			children = (
				891E42F21CE6FD8C003C3333 /* Barliman.app */,
				891E43011CE6FD8D003C3333 /* Barliman.xctest */,
				891E430C1CE6FD8D003C3333 /* Barliman.xctest */,
			);
			name = Products;
			sourceTree = "<group>";
		};
		891E42F41CE6FD8C003C3333 /* Barliman */ = {
			isa = PBXGroup;
			children = (
				891E42F51CE6FD8D003C3333 /* AppDelegate.swift */,
				891E42F71CE6FD8D003C3333 /* Assets.xcassets */,
				891E42F91CE6FD8D003C3333 /* MainMenu.xib */,
				891E42FC1CE6FD8D003C3333 /* Info.plist */,
				891E43221CE7098D003C3333 /* EditorWindowController.swift */,
				89393D361D0C1BB30067D19A /* SchemeEditorTextView.swift */,
				372DE8171D4E4D47009725E1 /* Extensions.swift */,
				891E43231CE7098D003C3333 /* EditorWindowController.xib */,
				890FC1AF1CFC071600D1FD73 /* SemanticsWindowController.swift */,
				890FC1B31CFC097200D1FD73 /* SemanticsWindowController.xib */,
				89B081511CF195F5007E6ABA /* mk-and-rel-interp */,
				89C405A51CF426BE009970A7 /* RunSchemeOperation.swift */,
			);
			path = Barliman;
			sourceTree = "<group>";
		};
		891E43041CE6FD8D003C3333 /* BarlimanTests */ = {
			isa = PBXGroup;
			children = (
				891E43051CE6FD8D003C3333 /* BarlimanTests.swift */,
				891E43071CE6FD8D003C3333 /* Info.plist */,
			);
			path = BarlimanTests;
			sourceTree = "<group>";
		};
		891E430F1CE6FD8D003C3333 /* BarlimanUITests */ = {
			isa = PBXGroup;
			children = (
				891E43101CE6FD8D003C3333 /* BarlimanUITests.swift */,
				891E43121CE6FD8D003C3333 /* Info.plist */,
			);
			path = BarlimanUITests;
			sourceTree = "<group>";
		};
/* End PBXGroup section */

/* Begin PBXNativeTarget section */
		891E42F11CE6FD8C003C3333 /* Barliman */ = {
			isa = PBXNativeTarget;
			buildConfigurationList = 891E43151CE6FD8D003C3333 /* Build configuration list for PBXNativeTarget "Barliman" */;
			buildPhases = (
				891E42EE1CE6FD8C003C3333 /* Sources */,
				891E42EF1CE6FD8C003C3333 /* Frameworks */,
				891E42F01CE6FD8C003C3333 /* Resources */,
			);
			buildRules = (
			);
			dependencies = (
			);
			name = Barliman;
			productName = Barliman;
			productReference = 891E42F21CE6FD8C003C3333 /* Barliman.app */;
			productType = "com.apple.product-type.application";
		};
		891E43001CE6FD8D003C3333 /* BarlimanTests */ = {
			isa = PBXNativeTarget;
			buildConfigurationList = 891E43181CE6FD8D003C3333 /* Build configuration list for PBXNativeTarget "BarlimanTests" */;
			buildPhases = (
				891E42FD1CE6FD8D003C3333 /* Sources */,
				891E42FE1CE6FD8D003C3333 /* Frameworks */,
				891E42FF1CE6FD8D003C3333 /* Resources */,
			);
			buildRules = (
			);
			dependencies = (
				891E43031CE6FD8D003C3333 /* PBXTargetDependency */,
			);
			name = BarlimanTests;
			productName = BarlimanTests;
			productReference = 891E43011CE6FD8D003C3333 /* Barliman.xctest */;
			productType = "com.apple.product-type.bundle.unit-test";
		};
		891E430B1CE6FD8D003C3333 /* BarlimanUITests */ = {
			isa = PBXNativeTarget;
			buildConfigurationList = 891E431B1CE6FD8D003C3333 /* Build configuration list for PBXNativeTarget "BarlimanUITests" */;
			buildPhases = (
				891E43081CE6FD8D003C3333 /* Sources */,
				891E43091CE6FD8D003C3333 /* Frameworks */,
				891E430A1CE6FD8D003C3333 /* Resources */,
			);
			buildRules = (
			);
			dependencies = (
				891E430E1CE6FD8D003C3333 /* PBXTargetDependency */,
			);
			name = BarlimanUITests;
			productName = BarlimanUITests;
			productReference = 891E430C1CE6FD8D003C3333 /* Barliman.xctest */;
			productType = "com.apple.product-type.bundle.ui-testing";
		};
/* End PBXNativeTarget section */

/* Begin PBXProject section */
		891E42EA1CE6FD8C003C3333 /* Project object */ = {
			isa = PBXProject;
			attributes = {
				LastSwiftUpdateCheck = 0730;
				LastUpgradeCheck = 0800;
				ORGANIZATIONNAME = "William E. Byrd";
				TargetAttributes = {
					891E42F11CE6FD8C003C3333 = {
						CreatedOnToolsVersion = 7.3.1;
						LastSwiftMigration = 0800;
					};
					891E43001CE6FD8D003C3333 = {
						CreatedOnToolsVersion = 7.3.1;
						LastSwiftMigration = 0800;
						TestTargetID = 891E42F11CE6FD8C003C3333;
					};
					891E430B1CE6FD8D003C3333 = {
						CreatedOnToolsVersion = 7.3.1;
						LastSwiftMigration = 0800;
						TestTargetID = 891E42F11CE6FD8C003C3333;
					};
				};
			};
			buildConfigurationList = 891E42ED1CE6FD8C003C3333 /* Build configuration list for PBXProject "Barliman" */;
			compatibilityVersion = "Xcode 3.2";
			developmentRegion = English;
			hasScannedForEncodings = 0;
			knownRegions = (
				en,
				Base,
			);
			mainGroup = 891E42E91CE6FD8C003C3333;
			productRefGroup = 891E42F31CE6FD8C003C3333 /* Products */;
			projectDirPath = "";
			projectRoot = "";
			targets = (
				891E42F11CE6FD8C003C3333 /* Barliman */,
				891E43001CE6FD8D003C3333 /* BarlimanTests */,
				891E430B1CE6FD8D003C3333 /* BarlimanUITests */,
			);
		};
/* End PBXProject section */

/* Begin PBXResourcesBuildPhase section */
		891E42F01CE6FD8C003C3333 /* Resources */ = {
			isa = PBXResourcesBuildPhase;
			buildActionMask = 2147483647;
			files = (
				89B081521CF195F5007E6ABA /* mk-and-rel-interp in Resources */,
				890FC1B41CFC097200D1FD73 /* SemanticsWindowController.xib in Resources */,
				891E42F81CE6FD8D003C3333 /* Assets.xcassets in Resources */,
				891E42FB1CE6FD8D003C3333 /* MainMenu.xib in Resources */,
				891E43251CE7098D003C3333 /* EditorWindowController.xib in Resources */,
			);
			runOnlyForDeploymentPostprocessing = 0;
		};
		891E42FF1CE6FD8D003C3333 /* Resources */ = {
			isa = PBXResourcesBuildPhase;
			buildActionMask = 2147483647;
			files = (
			);
			runOnlyForDeploymentPostprocessing = 0;
		};
		891E430A1CE6FD8D003C3333 /* Resources */ = {
			isa = PBXResourcesBuildPhase;
			buildActionMask = 2147483647;
			files = (
			);
			runOnlyForDeploymentPostprocessing = 0;
		};
/* End PBXResourcesBuildPhase section */

/* Begin PBXSourcesBuildPhase section */
		891E42EE1CE6FD8C003C3333 /* Sources */ = {
			isa = PBXSourcesBuildPhase;
			buildActionMask = 2147483647;
			files = (
				891E43241CE7098D003C3333 /* EditorWindowController.swift in Sources */,
				372DE8181D4E4D47009725E1 /* Extensions.swift in Sources */,
				890FC1B01CFC071600D1FD73 /* SemanticsWindowController.swift in Sources */,
				891E42F61CE6FD8D003C3333 /* AppDelegate.swift in Sources */,
				89C405A61CF426BE009970A7 /* RunSchemeOperation.swift in Sources */,
				89393D371D0C1BB30067D19A /* SchemeEditorTextView.swift in Sources */,
			);
			runOnlyForDeploymentPostprocessing = 0;
		};
		891E42FD1CE6FD8D003C3333 /* Sources */ = {
			isa = PBXSourcesBuildPhase;
			buildActionMask = 2147483647;
			files = (
				891E43061CE6FD8D003C3333 /* BarlimanTests.swift in Sources */,
			);
			runOnlyForDeploymentPostprocessing = 0;
		};
		891E43081CE6FD8D003C3333 /* Sources */ = {
			isa = PBXSourcesBuildPhase;
			buildActionMask = 2147483647;
			files = (
				891E43111CE6FD8D003C3333 /* BarlimanUITests.swift in Sources */,
			);
			runOnlyForDeploymentPostprocessing = 0;
		};
/* End PBXSourcesBuildPhase section */

/* Begin PBXTargetDependency section */
		891E43031CE6FD8D003C3333 /* PBXTargetDependency */ = {
			isa = PBXTargetDependency;
			target = 891E42F11CE6FD8C003C3333 /* Barliman */;
			targetProxy = 891E43021CE6FD8D003C3333 /* PBXContainerItemProxy */;
		};
		891E430E1CE6FD8D003C3333 /* PBXTargetDependency */ = {
			isa = PBXTargetDependency;
			target = 891E42F11CE6FD8C003C3333 /* Barliman */;
			targetProxy = 891E430D1CE6FD8D003C3333 /* PBXContainerItemProxy */;
		};
/* End PBXTargetDependency section */

/* Begin PBXVariantGroup section */
		891E42F91CE6FD8D003C3333 /* MainMenu.xib */ = {
			isa = PBXVariantGroup;
			children = (
				891E42FA1CE6FD8D003C3333 /* Base */,
			);
			name = MainMenu.xib;
			sourceTree = "<group>";
		};
/* End PBXVariantGroup section */

/* Begin XCBuildConfiguration section */
		891E43131CE6FD8D003C3333 /* Debug */ = {
			isa = XCBuildConfiguration;
			buildSettings = {
				ALWAYS_SEARCH_USER_PATHS = NO;
				CLANG_ANALYZER_NONNULL = YES;
				CLANG_CXX_LANGUAGE_STANDARD = "gnu++0x";
				CLANG_CXX_LIBRARY = "libc++";
				CLANG_ENABLE_MODULES = YES;
				CLANG_ENABLE_OBJC_ARC = YES;
				CLANG_WARN_BOOL_CONVERSION = YES;
				CLANG_WARN_CONSTANT_CONVERSION = YES;
				CLANG_WARN_DIRECT_OBJC_ISA_USAGE = YES_ERROR;
				CLANG_WARN_EMPTY_BODY = YES;
				CLANG_WARN_ENUM_CONVERSION = YES;
				CLANG_WARN_INFINITE_RECURSION = YES;
				CLANG_WARN_INT_CONVERSION = YES;
				CLANG_WARN_OBJC_ROOT_CLASS = YES_ERROR;
				CLANG_WARN_SUSPICIOUS_MOVE = YES;
				CLANG_WARN_UNREACHABLE_CODE = YES;
				CLANG_WARN__DUPLICATE_METHOD_MATCH = YES;
				CODE_SIGN_IDENTITY = "-";
				COPY_PHASE_STRIP = NO;
				DEBUG_INFORMATION_FORMAT = dwarf;
				ENABLE_STRICT_OBJC_MSGSEND = YES;
				ENABLE_TESTABILITY = YES;
				GCC_C_LANGUAGE_STANDARD = gnu99;
				GCC_DYNAMIC_NO_PIC = NO;
				GCC_NO_COMMON_BLOCKS = YES;
				GCC_OPTIMIZATION_LEVEL = 0;
				GCC_PREPROCESSOR_DEFINITIONS = (
					"DEBUG=1",
					"$(inherited)",
				);
				GCC_WARN_64_TO_32_BIT_CONVERSION = YES;
				GCC_WARN_ABOUT_RETURN_TYPE = YES_ERROR;
				GCC_WARN_UNDECLARED_SELECTOR = YES;
				GCC_WARN_UNINITIALIZED_AUTOS = YES_AGGRESSIVE;
				GCC_WARN_UNUSED_FUNCTION = YES;
				GCC_WARN_UNUSED_VARIABLE = YES;
				MACOSX_DEPLOYMENT_TARGET = 10.11;
				MTL_ENABLE_DEBUG_INFO = YES;
				ONLY_ACTIVE_ARCH = YES;
				SDKROOT = macosx;
				SWIFT_OPTIMIZATION_LEVEL = "-Onone";
			};
			name = Debug;
		};
		891E43141CE6FD8D003C3333 /* Release */ = {
			isa = XCBuildConfiguration;
			buildSettings = {
				ALWAYS_SEARCH_USER_PATHS = NO;
				CLANG_ANALYZER_NONNULL = YES;
				CLANG_CXX_LANGUAGE_STANDARD = "gnu++0x";
				CLANG_CXX_LIBRARY = "libc++";
				CLANG_ENABLE_MODULES = YES;
				CLANG_ENABLE_OBJC_ARC = YES;
				CLANG_WARN_BOOL_CONVERSION = YES;
				CLANG_WARN_CONSTANT_CONVERSION = YES;
				CLANG_WARN_DIRECT_OBJC_ISA_USAGE = YES_ERROR;
				CLANG_WARN_EMPTY_BODY = YES;
				CLANG_WARN_ENUM_CONVERSION = YES;
				CLANG_WARN_INFINITE_RECURSION = YES;
				CLANG_WARN_INT_CONVERSION = YES;
				CLANG_WARN_OBJC_ROOT_CLASS = YES_ERROR;
				CLANG_WARN_SUSPICIOUS_MOVE = YES;
				CLANG_WARN_UNREACHABLE_CODE = YES;
				CLANG_WARN__DUPLICATE_METHOD_MATCH = YES;
				CODE_SIGN_IDENTITY = "-";
				COPY_PHASE_STRIP = NO;
				DEBUG_INFORMATION_FORMAT = "dwarf-with-dsym";
				ENABLE_NS_ASSERTIONS = NO;
				ENABLE_STRICT_OBJC_MSGSEND = YES;
				GCC_C_LANGUAGE_STANDARD = gnu99;
				GCC_NO_COMMON_BLOCKS = YES;
				GCC_WARN_64_TO_32_BIT_CONVERSION = YES;
				GCC_WARN_ABOUT_RETURN_TYPE = YES_ERROR;
				GCC_WARN_UNDECLARED_SELECTOR = YES;
				GCC_WARN_UNINITIALIZED_AUTOS = YES_AGGRESSIVE;
				GCC_WARN_UNUSED_FUNCTION = YES;
				GCC_WARN_UNUSED_VARIABLE = YES;
				MACOSX_DEPLOYMENT_TARGET = 10.11;
				MTL_ENABLE_DEBUG_INFO = NO;
				SDKROOT = macosx;
				SWIFT_OPTIMIZATION_LEVEL = "-Owholemodule";
			};
			name = Release;
		};
		891E43161CE6FD8D003C3333 /* Debug */ = {
			isa = XCBuildConfiguration;
			buildSettings = {
				ASSETCATALOG_COMPILER_APPICON_NAME = AppIcon;
				COMBINE_HIDPI_IMAGES = YES;
				INFOPLIST_FILE = "$(SRCROOT)/Barliman/Info.plist";
				LD_RUNPATH_SEARCH_PATHS = "$(inherited) @executable_path/../Frameworks";
				PRODUCT_BUNDLE_IDENTIFIER = net.webyrd.Barliman;
				PRODUCT_NAME = Barliman;
				SWIFT_VERSION = 2.3;
			};
			name = Debug;
		};
		891E43171CE6FD8D003C3333 /* Release */ = {
			isa = XCBuildConfiguration;
			buildSettings = {
				ASSETCATALOG_COMPILER_APPICON_NAME = AppIcon;
				COMBINE_HIDPI_IMAGES = YES;
				INFOPLIST_FILE = "$(SRCROOT)/Barliman/Info.plist";
				LD_RUNPATH_SEARCH_PATHS = "$(inherited) @executable_path/../Frameworks";
				PRODUCT_BUNDLE_IDENTIFIER = net.webyrd.Barliman;
				PRODUCT_NAME = Barliman;
				SWIFT_VERSION = 2.3;
			};
			name = Release;
		};
		891E43191CE6FD8D003C3333 /* Debug */ = {
			isa = XCBuildConfiguration;
			buildSettings = {
				BUNDLE_LOADER = "$(TEST_HOST)";
				COMBINE_HIDPI_IMAGES = YES;
				INFOPLIST_FILE = BarlimanTests/Info.plist;
				LD_RUNPATH_SEARCH_PATHS = "$(inherited) @executable_path/../Frameworks @loader_path/../Frameworks";
				PRODUCT_BUNDLE_IDENTIFIER = net.webyrd.BarlimanTests;
				PRODUCT_NAME = Barliman;
				SWIFT_VERSION = 2.3;
				TEST_HOST = "$(BUILT_PRODUCTS_DIR)/Barliman.app/Contents/MacOS/Barliman";
			};
			name = Debug;
		};
		891E431A1CE6FD8D003C3333 /* Release */ = {
			isa = XCBuildConfiguration;
			buildSettings = {
				BUNDLE_LOADER = "$(TEST_HOST)";
				COMBINE_HIDPI_IMAGES = YES;
				INFOPLIST_FILE = BarlimanTests/Info.plist;
				LD_RUNPATH_SEARCH_PATHS = "$(inherited) @executable_path/../Frameworks @loader_path/../Frameworks";
				PRODUCT_BUNDLE_IDENTIFIER = net.webyrd.BarlimanTests;
				PRODUCT_NAME = Barliman;
				SWIFT_VERSION = 2.3;
				TEST_HOST = "$(BUILT_PRODUCTS_DIR)/Barliman.app/Contents/MacOS/Barliman";
			};
			name = Release;
		};
		891E431C1CE6FD8D003C3333 /* Debug */ = {
			isa = XCBuildConfiguration;
			buildSettings = {
				COMBINE_HIDPI_IMAGES = YES;
				INFOPLIST_FILE = BarlimanUITests/Info.plist;
				LD_RUNPATH_SEARCH_PATHS = "$(inherited) @executable_path/../Frameworks @loader_path/../Frameworks";
				PRODUCT_BUNDLE_IDENTIFIER = net.webyrd.BarlimanUITests;
				PRODUCT_NAME = Barliman;
				SWIFT_VERSION = 2.3;
				TEST_TARGET_NAME = Barliman;
			};
			name = Debug;
		};
		891E431D1CE6FD8D003C3333 /* Release */ = {
			isa = XCBuildConfiguration;
			buildSettings = {
				COMBINE_HIDPI_IMAGES = YES;
				INFOPLIST_FILE = BarlimanUITests/Info.plist;
				LD_RUNPATH_SEARCH_PATHS = "$(inherited) @executable_path/../Frameworks @loader_path/../Frameworks";
				PRODUCT_BUNDLE_IDENTIFIER = net.webyrd.BarlimanUITests;
				PRODUCT_NAME = Barliman;
				SWIFT_VERSION = 2.3;
				TEST_TARGET_NAME = Barliman;
			};
			name = Release;
		};
/* End XCBuildConfiguration section */

/* Begin XCConfigurationList section */
		891E42ED1CE6FD8C003C3333 /* Build configuration list for PBXProject "Barliman" */ = {
			isa = XCConfigurationList;
			buildConfigurations = (
				891E43131CE6FD8D003C3333 /* Debug */,
				891E43141CE6FD8D003C3333 /* Release */,
			);
			defaultConfigurationIsVisible = 0;
			defaultConfigurationName = Release;
		};
		891E43151CE6FD8D003C3333 /* Build configuration list for PBXNativeTarget "Barliman" */ = {
			isa = XCConfigurationList;
			buildConfigurations = (
				891E43161CE6FD8D003C3333 /* Debug */,
				891E43171CE6FD8D003C3333 /* Release */,
			);
			defaultConfigurationIsVisible = 0;
			defaultConfigurationName = Release;
		};
		891E43181CE6FD8D003C3333 /* Build configuration list for PBXNativeTarget "BarlimanTests" */ = {
			isa = XCConfigurationList;
			buildConfigurations = (
				891E43191CE6FD8D003C3333 /* Debug */,
				891E431A1CE6FD8D003C3333 /* Release */,
			);
			defaultConfigurationIsVisible = 0;
			defaultConfigurationName = Release;
		};
		891E431B1CE6FD8D003C3333 /* Build configuration list for PBXNativeTarget "BarlimanUITests" */ = {
			isa = XCConfigurationList;
			buildConfigurations = (
				891E431C1CE6FD8D003C3333 /* Debug */,
				891E431D1CE6FD8D003C3333 /* Release */,
			);
			defaultConfigurationIsVisible = 0;
			defaultConfigurationName = Release;
		};
/* End XCConfigurationList section */
	};
	rootObject = 891E42EA1CE6FD8C003C3333 /* Project object */;
}
