// !$*UTF8*$!
{
	archiveVersion = 1;
	classes = {
	};
	objectVersion = 54;
	objects = {

/* Begin PBXBuildFile section */
		8990E01023377330006B96B5 /* Assets.xcassets in Resources */ = {isa = PBXBuildFile; fileRef = 8990E00F23377330006B96B5 /* Assets.xcassets */; };
		8990E02423377749006B96B5 /* mk-and-rel-interp in Resources */ = {isa = PBXBuildFile; fileRef = 8990E02323377748006B96B5 /* mk-and-rel-interp */; };
		899F3BDD2F52471900A1F852 /* TaskType.swift in Sources */ = {isa = PBXBuildFile; fileRef = 899F3BDC2F52471900A1F852 /* TaskType.swift */; };
		899F3BF92F52723900A1F852 /* ProcessTracker.swift in Sources */ = {isa = PBXBuildFile; fileRef = 899F3BF82F52723900A1F852 /* ProcessTracker.swift */; };
		899F3BFB2F52723A00A1F852 /* ChezSchemeFinder.swift in Sources */ = {isa = PBXBuildFile; fileRef = 899F3BFA2F52723A00A1F852 /* ChezSchemeFinder.swift */; };
		899F3BFD2F52726B00A1F852 /* BarlimanModel.swift in Sources */ = {isa = PBXBuildFile; fileRef = 899F3BFC2F52726B00A1F852 /* BarlimanModel.swift */; };
		899F3BFF2F5272B300A1F852 /* SchemeEngine.swift in Sources */ = {isa = PBXBuildFile; fileRef = 899F3BFE2F5272B300A1F852 /* SchemeEngine.swift */; };
		899F3C012F5272C100A1F852 /* SchemeProcessRunner.swift in Sources */ = {isa = PBXBuildFile; fileRef = 899F3C002F5272C100A1F852 /* SchemeProcessRunner.swift */; };
		899F3C032F5272F000A1F852 /* SchemeTextEditor.swift in Sources */ = {isa = PBXBuildFile; fileRef = 899F3C022F5272F000A1F852 /* SchemeTextEditor.swift */; };
		899F3C052F5272FA00A1F852 /* TestRowView.swift in Sources */ = {isa = PBXBuildFile; fileRef = 899F3C042F5272FA00A1F852 /* TestRowView.swift */; };
		899F3C072F52730400A1F852 /* ContentView.swift in Sources */ = {isa = PBXBuildFile; fileRef = 899F3C062F52730400A1F852 /* ContentView.swift */; };
		899F3C092F52730C00A1F852 /* BarlimanApp.swift in Sources */ = {isa = PBXBuildFile; fileRef = 899F3C082F52730C00A1F852 /* BarlimanApp.swift */; };
/* End PBXBuildFile section */

/* Begin PBXFileReference section */
		8990E00A23377330006B96B5 /* Barliman.app */ = {isa = PBXFileReference; explicitFileType = wrapper.application; includeInIndex = 0; path = Barliman.app; sourceTree = BUILT_PRODUCTS_DIR; };
		8990E00F23377330006B96B5 /* Assets.xcassets */ = {isa = PBXFileReference; lastKnownFileType = folder.assetcatalog; path = Assets.xcassets; sourceTree = "<group>"; };
		8990E01423377330006B96B5 /* Info.plist */ = {isa = PBXFileReference; lastKnownFileType = text.plist.xml; path = Info.plist; sourceTree = "<group>"; };
		8990E01523377330006B96B5 /* Barliman.entitlements */ = {isa = PBXFileReference; lastKnownFileType = text.plist.entitlements; path = Barliman.entitlements; sourceTree = "<group>"; };
		8990E02323377748006B96B5 /* mk-and-rel-interp */ = {isa = PBXFileReference; lastKnownFileType = folder; path = "mk-and-rel-interp"; sourceTree = "<group>"; };
		899F3BDC2F52471900A1F852 /* TaskType.swift */ = {isa = PBXFileReference; lastKnownFileType = sourcecode.swift; path = TaskType.swift; sourceTree = "<group>"; };
		899F3BF82F52723900A1F852 /* ProcessTracker.swift */ = {isa = PBXFileReference; lastKnownFileType = sourcecode.swift; path = ProcessTracker.swift; sourceTree = "<group>"; };
		899F3BFA2F52723A00A1F852 /* ChezSchemeFinder.swift */ = {isa = PBXFileReference; lastKnownFileType = sourcecode.swift; path = ChezSchemeFinder.swift; sourceTree = "<group>"; };
		899F3BFC2F52726B00A1F852 /* BarlimanModel.swift */ = {isa = PBXFileReference; lastKnownFileType = sourcecode.swift; path = BarlimanModel.swift; sourceTree = "<group>"; };
		899F3BFE2F5272B300A1F852 /* SchemeEngine.swift */ = {isa = PBXFileReference; lastKnownFileType = sourcecode.swift; path = SchemeEngine.swift; sourceTree = "<group>"; };
		899F3C002F5272C100A1F852 /* SchemeProcessRunner.swift */ = {isa = PBXFileReference; lastKnownFileType = sourcecode.swift; path = SchemeProcessRunner.swift; sourceTree = "<group>"; };
		899F3C022F5272F000A1F852 /* SchemeTextEditor.swift */ = {isa = PBXFileReference; lastKnownFileType = sourcecode.swift; path = SchemeTextEditor.swift; sourceTree = "<group>"; };
		899F3C042F5272FA00A1F852 /* TestRowView.swift */ = {isa = PBXFileReference; lastKnownFileType = sourcecode.swift; path = TestRowView.swift; sourceTree = "<group>"; };
		899F3C062F52730400A1F852 /* ContentView.swift */ = {isa = PBXFileReference; lastKnownFileType = sourcecode.swift; path = ContentView.swift; sourceTree = "<group>"; };
		899F3C082F52730C00A1F852 /* BarlimanApp.swift */ = {isa = PBXFileReference; lastKnownFileType = sourcecode.swift; path = BarlimanApp.swift; sourceTree = "<group>"; };
/* End PBXFileReference section */

/* Begin PBXFrameworksBuildPhase section */
		8990E00723377330006B96B5 /* Frameworks */ = {
			isa = PBXFrameworksBuildPhase;
			buildActionMask = 2147483647;
			files = (
			);
			runOnlyForDeploymentPostprocessing = 0;
		};
/* End PBXFrameworksBuildPhase section */

/* Begin PBXGroup section */
		8990E00123377330006B96B5 = {
			isa = PBXGroup;
			children = (
				8990E00C23377330006B96B5 /* Barliman */,
				8990E00B23377330006B96B5 /* Products */,
			);
			sourceTree = "<group>";
		};
		8990E00B23377330006B96B5 /* Products */ = {
			isa = PBXGroup;
			children = (
				8990E00A23377330006B96B5 /* Barliman.app */,
			);
			name = Products;
			sourceTree = "<group>";
		};
		8990E00C23377330006B96B5 /* Barliman */ = {
			isa = PBXGroup;
			children = (
				8990E00F23377330006B96B5 /* Assets.xcassets */,
				8990E01423377330006B96B5 /* Info.plist */,
				8990E02323377748006B96B5 /* mk-and-rel-interp */,
				8990E01523377330006B96B5 /* Barliman.entitlements */,
				899F3BDC2F52471900A1F852 /* TaskType.swift */,
				899F3BF82F52723900A1F852 /* ProcessTracker.swift */,
				899F3BFA2F52723A00A1F852 /* ChezSchemeFinder.swift */,
				899F3BFC2F52726B00A1F852 /* BarlimanModel.swift */,
				899F3BFE2F5272B300A1F852 /* SchemeEngine.swift */,
				899F3C002F5272C100A1F852 /* SchemeProcessRunner.swift */,
				899F3C022F5272F000A1F852 /* SchemeTextEditor.swift */,
				899F3C042F5272FA00A1F852 /* TestRowView.swift */,
				899F3C062F52730400A1F852 /* ContentView.swift */,
				899F3C082F52730C00A1F852 /* BarlimanApp.swift */,
			);
			path = Barliman;
			sourceTree = "<group>";
		};
/* End PBXGroup section */

/* Begin PBXNativeTarget section */
		8990E00923377330006B96B5 /* Barliman */ = {
			isa = PBXNativeTarget;
			buildConfigurationList = 8990E01823377330006B96B5 /* Build configuration list for PBXNativeTarget "Barliman" */;
			buildPhases = (
				8990E00623377330006B96B5 /* Sources */,
				8990E00723377330006B96B5 /* Frameworks */,
				8990E00823377330006B96B5 /* Resources */,
			);
			buildRules = (
			);
			dependencies = (
			);
			name = Barliman;
			productName = Barliman;
			productReference = 8990E00A23377330006B96B5 /* Barliman.app */;
			productType = "com.apple.product-type.application";
		};
/* End PBXNativeTarget section */

/* Begin PBXProject section */
		8990E00223377330006B96B5 /* Project object */ = {
			isa = PBXProject;
			attributes = {
				BuildIndependentTargetsInParallel = YES;
				LastSwiftUpdateCheck = 1100;
				LastUpgradeCheck = 2630;
				ORGANIZATIONNAME = "William Byrd";
				TargetAttributes = {
					8990E00923377330006B96B5 = {
						CreatedOnToolsVersion = 11.0;
					};
				};
			};
			buildConfigurationList = 8990E00523377330006B96B5 /* Build configuration list for PBXProject "Barliman" */;
			compatibilityVersion = "Xcode 9.3";
			developmentRegion = en;
			hasScannedForEncodings = 0;
			knownRegions = (
				en,
				Base,
			);
			mainGroup = 8990E00123377330006B96B5;
			productRefGroup = 8990E00B23377330006B96B5 /* Products */;
			projectDirPath = "";
			projectRoot = "";
			targets = (
				8990E00923377330006B96B5 /* Barliman */,
			);
		};
/* End PBXProject section */

/* Begin PBXResourcesBuildPhase section */
		8990E00823377330006B96B5 /* Resources */ = {
			isa = PBXResourcesBuildPhase;
			buildActionMask = 2147483647;
			files = (
				8990E01023377330006B96B5 /* Assets.xcassets in Resources */,
				8990E02423377749006B96B5 /* mk-and-rel-interp in Resources */,
			);
			runOnlyForDeploymentPostprocessing = 0;
		};
/* End PBXResourcesBuildPhase section */

/* Begin PBXSourcesBuildPhase section */
		8990E00623377330006B96B5 /* Sources */ = {
			isa = PBXSourcesBuildPhase;
			buildActionMask = 2147483647;
			files = (
				899F3BFB2F52723A00A1F852 /* ChezSchemeFinder.swift in Sources */,
				899F3C072F52730400A1F852 /* ContentView.swift in Sources */,
				899F3C092F52730C00A1F852 /* BarlimanApp.swift in Sources */,
				899F3BDD2F52471900A1F852 /* TaskType.swift in Sources */,
				899F3C052F5272FA00A1F852 /* TestRowView.swift in Sources */,
				899F3BF92F52723900A1F852 /* ProcessTracker.swift in Sources */,
				899F3BFF2F5272B300A1F852 /* SchemeEngine.swift in Sources */,
				899F3BFD2F52726B00A1F852 /* BarlimanModel.swift in Sources */,
				899F3C012F5272C100A1F852 /* SchemeProcessRunner.swift in Sources */,
				899F3C032F5272F000A1F852 /* SchemeTextEditor.swift in Sources */,
			);
			runOnlyForDeploymentPostprocessing = 0;
		};
/* End PBXSourcesBuildPhase section */

/* Begin XCBuildConfiguration section */
		8990E01623377330006B96B5 /* Debug */ = {
			isa = XCBuildConfiguration;
			buildSettings = {
				ALWAYS_SEARCH_USER_PATHS = NO;
				CLANG_ANALYZER_NONNULL = YES;
				CLANG_ANALYZER_NUMBER_OBJECT_CONVERSION = YES_AGGRESSIVE;
				CLANG_CXX_LANGUAGE_STANDARD = "gnu++14";
				CLANG_CXX_LIBRARY = "libc++";
				CLANG_ENABLE_MODULES = YES;
				CLANG_ENABLE_OBJC_ARC = YES;
				CLANG_ENABLE_OBJC_WEAK = YES;
				CLANG_WARN_BLOCK_CAPTURE_AUTORELEASING = YES;
				CLANG_WARN_BOOL_CONVERSION = YES;
				CLANG_WARN_COMMA = YES;
				CLANG_WARN_CONSTANT_CONVERSION = YES;
				CLANG_WARN_DEPRECATED_OBJC_IMPLEMENTATIONS = YES;
				CLANG_WARN_DIRECT_OBJC_ISA_USAGE = YES_ERROR;
				CLANG_WARN_DOCUMENTATION_COMMENTS = YES;
				CLANG_WARN_EMPTY_BODY = YES;
				CLANG_WARN_ENUM_CONVERSION = YES;
				CLANG_WARN_INFINITE_RECURSION = YES;
				CLANG_WARN_INT_CONVERSION = YES;
				CLANG_WARN_NON_LITERAL_NULL_CONVERSION = YES;
				CLANG_WARN_OBJC_IMPLICIT_RETAIN_SELF = YES;
				CLANG_WARN_OBJC_LITERAL_CONVERSION = YES;
				CLANG_WARN_OBJC_ROOT_CLASS = YES_ERROR;
				CLANG_WARN_QUOTED_INCLUDE_IN_FRAMEWORK_HEADER = YES;
				CLANG_WARN_RANGE_LOOP_ANALYSIS = YES;
				CLANG_WARN_STRICT_PROTOTYPES = YES;
				CLANG_WARN_SUSPICIOUS_MOVE = YES;
				CLANG_WARN_UNGUARDED_AVAILABILITY = YES_AGGRESSIVE;
				CLANG_WARN_UNREACHABLE_CODE = YES;
				CLANG_WARN__DUPLICATE_METHOD_MATCH = YES;
				COPY_PHASE_STRIP = NO;
				DEAD_CODE_STRIPPING = YES;
				DEBUG_INFORMATION_FORMAT = dwarf;
				ENABLE_STRICT_OBJC_MSGSEND = YES;
				ENABLE_TESTABILITY = YES;
				ENABLE_USER_SCRIPT_SANDBOXING = YES;
				GCC_C_LANGUAGE_STANDARD = gnu11;
				GCC_DYNAMIC_NO_PIC = NO;
				GCC_NO_COMMON_BLOCKS = YES;
				GCC_OPTIMIZATION_LEVEL = 0;
				GCC_PREPROCESSOR_DEFINITIONS = (
					"DEBUG=1",
					"$(inherited)",
				);
				GCC_WARN_64_TO_32_BIT_CONVERSION = YES;
				GCC_WARN_ABOUT_RETURN_TYPE = YES_ERROR;
				GCC_WARN_UNDECLARED_SELECTOR = YES;
				GCC_WARN_UNINITIALIZED_AUTOS = YES_AGGRESSIVE;
				GCC_WARN_UNUSED_FUNCTION = YES;
				GCC_WARN_UNUSED_VARIABLE = YES;
				MACOSX_DEPLOYMENT_TARGET = 14.0;
				MTL_ENABLE_DEBUG_INFO = INCLUDE_SOURCE;
				MTL_FAST_MATH = YES;
				ONLY_ACTIVE_ARCH = YES;
				SDKROOT = macosx;
				STRING_CATALOG_GENERATE_SYMBOLS = YES;
				SWIFT_ACTIVE_COMPILATION_CONDITIONS = DEBUG;
				SWIFT_OPTIMIZATION_LEVEL = "-Onone";
			};
			name = Debug;
		};
		8990E01723377330006B96B5 /* Release */ = {
			isa = XCBuildConfiguration;
			buildSettings = {
				ALWAYS_SEARCH_USER_PATHS = NO;
				CLANG_ANALYZER_NONNULL = YES;
				CLANG_ANALYZER_NUMBER_OBJECT_CONVERSION = YES_AGGRESSIVE;
				CLANG_CXX_LANGUAGE_STANDARD = "gnu++14";
				CLANG_CXX_LIBRARY = "libc++";
				CLANG_ENABLE_MODULES = YES;
				CLANG_ENABLE_OBJC_ARC = YES;
				CLANG_ENABLE_OBJC_WEAK = YES;
				CLANG_WARN_BLOCK_CAPTURE_AUTORELEASING = YES;
				CLANG_WARN_BOOL_CONVERSION = YES;
				CLANG_WARN_COMMA = YES;
				CLANG_WARN_CONSTANT_CONVERSION = YES;
				CLANG_WARN_DEPRECATED_OBJC_IMPLEMENTATIONS = YES;
				CLANG_WARN_DIRECT_OBJC_ISA_USAGE = YES_ERROR;
				CLANG_WARN_DOCUMENTATION_COMMENTS = YES;
				CLANG_WARN_EMPTY_BODY = YES;
				CLANG_WARN_ENUM_CONVERSION = YES;
				CLANG_WARN_INFINITE_RECURSION = YES;
				CLANG_WARN_INT_CONVERSION = YES;
				CLANG_WARN_NON_LITERAL_NULL_CONVERSION = YES;
				CLANG_WARN_OBJC_IMPLICIT_RETAIN_SELF = YES;
				CLANG_WARN_OBJC_LITERAL_CONVERSION = YES;
				CLANG_WARN_OBJC_ROOT_CLASS = YES_ERROR;
				CLANG_WARN_QUOTED_INCLUDE_IN_FRAMEWORK_HEADER = YES;
				CLANG_WARN_RANGE_LOOP_ANALYSIS = YES;
				CLANG_WARN_STRICT_PROTOTYPES = YES;
				CLANG_WARN_SUSPICIOUS_MOVE = YES;
				CLANG_WARN_UNGUARDED_AVAILABILITY = YES_AGGRESSIVE;
				CLANG_WARN_UNREACHABLE_CODE = YES;
				CLANG_WARN__DUPLICATE_METHOD_MATCH = YES;
				COPY_PHASE_STRIP = NO;
				DEAD_CODE_STRIPPING = YES;
				DEBUG_INFORMATION_FORMAT = "dwarf-with-dsym";
				ENABLE_NS_ASSERTIONS = NO;
				ENABLE_STRICT_OBJC_MSGSEND = YES;
				ENABLE_USER_SCRIPT_SANDBOXING = YES;
				GCC_C_LANGUAGE_STANDARD = gnu11;
				GCC_NO_COMMON_BLOCKS = YES;
				GCC_WARN_64_TO_32_BIT_CONVERSION = YES;
				GCC_WARN_ABOUT_RETURN_TYPE = YES_ERROR;
				GCC_WARN_UNDECLARED_SELECTOR = YES;
				GCC_WARN_UNINITIALIZED_AUTOS = YES_AGGRESSIVE;
				GCC_WARN_UNUSED_FUNCTION = YES;
				GCC_WARN_UNUSED_VARIABLE = YES;
				MACOSX_DEPLOYMENT_TARGET = 14.0;
				MTL_ENABLE_DEBUG_INFO = NO;
				MTL_FAST_MATH = YES;
				SDKROOT = macosx;
				STRING_CATALOG_GENERATE_SYMBOLS = YES;
				SWIFT_COMPILATION_MODE = wholemodule;
				SWIFT_OPTIMIZATION_LEVEL = "-O";
			};
			name = Release;
		};
		8990E01923377330006B96B5 /* Debug */ = {
			isa = XCBuildConfiguration;
			buildSettings = {
				ASSETCATALOG_COMPILER_APPICON_NAME = AppIcon;
				CODE_SIGN_ENTITLEMENTS = Barliman/Barliman.entitlements;
				CODE_SIGN_IDENTITY = "-";
				CODE_SIGN_STYLE = Automatic;
				COMBINE_HIDPI_IMAGES = YES;
				DEAD_CODE_STRIPPING = YES;
				ENABLE_APP_SANDBOX = NO;
				ENABLE_USER_SELECTED_FILES = readonly;
				INFOPLIST_FILE = Barliman/Info.plist;
				LD_RUNPATH_SEARCH_PATHS = (
					"$(inherited)",
					"@executable_path/../Frameworks",
				);
				MACOSX_DEPLOYMENT_TARGET = 14.0;
				PRODUCT_BUNDLE_IDENTIFIER = com.Barliman.Barliman;
				PRODUCT_NAME = "$(TARGET_NAME)";
				SWIFT_VERSION = 5.0;
			};
			name = Debug;
		};
		8990E01A23377330006B96B5 /* Release */ = {
			isa = XCBuildConfiguration;
			buildSettings = {
				ASSETCATALOG_COMPILER_APPICON_NAME = AppIcon;
				CODE_SIGN_ENTITLEMENTS = Barliman/Barliman.entitlements;
				CODE_SIGN_IDENTITY = "-";
				CODE_SIGN_STYLE = Automatic;
				COMBINE_HIDPI_IMAGES = YES;
				DEAD_CODE_STRIPPING = YES;
				ENABLE_APP_SANDBOX = NO;
				ENABLE_USER_SELECTED_FILES = readonly;
				INFOPLIST_FILE = Barliman/Info.plist;
				LD_RUNPATH_SEARCH_PATHS = (
					"$(inherited)",
					"@executable_path/../Frameworks",
				);
				MACOSX_DEPLOYMENT_TARGET = 14.0;
				PRODUCT_BUNDLE_IDENTIFIER = com.Barliman.Barliman;
				PRODUCT_NAME = "$(TARGET_NAME)";
				SWIFT_VERSION = 5.0;
			};
			name = Release;
		};
/* End XCBuildConfiguration section */

/* Begin XCConfigurationList section */
		8990E00523377330006B96B5 /* Build configuration list for PBXProject "Barliman" */ = {
			isa = XCConfigurationList;
			buildConfigurations = (
				8990E01623377330006B96B5 /* Debug */,
				8990E01723377330006B96B5 /* Release */,
			);
			defaultConfigurationIsVisible = 0;
			defaultConfigurationName = Release;
		};
		8990E01823377330006B96B5 /* Build configuration list for PBXNativeTarget "Barliman" */ = {
			isa = XCConfigurationList;
			buildConfigurations = (
				8990E01923377330006B96B5 /* Debug */,
				8990E01A23377330006B96B5 /* Release */,
			);
			defaultConfigurationIsVisible = 0;
			defaultConfigurationName = Release;
		};
/* End XCConfigurationList section */
	};
	rootObject = 8990E00223377330006B96B5 /* Project object */;
}
