// !$*UTF8*$!
{
	archiveVersion = 1;
	classes = {
	};
	objectVersion = 50;
	objects = {

/* Begin PBXBuildFile section */
		8911EF6E2337862A005655BF /* EditorWindowController.xib in Resources */ = {isa = PBXBuildFile; fileRef = 8911EF6D2337862A005655BF /* EditorWindowController.xib */; };
		8911EF7023378636005655BF /* SemanticsWindowController.xib in Resources */ = {isa = PBXBuildFile; fileRef = 8911EF6F23378636005655BF /* SemanticsWindowController.xib */; };
		8911EF722337863E005655BF /* MainMenu.xib in Resources */ = {isa = PBXBuildFile; fileRef = 8911EF712337863E005655BF /* MainMenu.xib */; };
		8990E00E23377330006B96B5 /* AppDelegate.swift in Sources */ = {isa = PBXBuildFile; fileRef = 8990E00D23377330006B96B5 /* AppDelegate.swift */; };
		8990E01023377330006B96B5 /* Assets.xcassets in Resources */ = {isa = PBXBuildFile; fileRef = 8990E00F23377330006B96B5 /* Assets.xcassets */; };
		8990E01C23377499006B96B5 /* SemanticsWindowController.swift in Sources */ = {isa = PBXBuildFile; fileRef = 8990E01B23377499006B96B5 /* SemanticsWindowController.swift */; };
		8990E01E23377516006B96B5 /* EditorWindowController.swift in Sources */ = {isa = PBXBuildFile; fileRef = 8990E01D23377516006B96B5 /* EditorWindowController.swift */; };
		8990E02023377589006B96B5 /* SchemeEditorTextView.swift in Sources */ = {isa = PBXBuildFile; fileRef = 8990E01F23377589006B96B5 /* SchemeEditorTextView.swift */; };
		8990E02223377706006B96B5 /* RunSchemeOperation.swift in Sources */ = {isa = PBXBuildFile; fileRef = 8990E02123377706006B96B5 /* RunSchemeOperation.swift */; };
		8990E02423377749006B96B5 /* mk-and-rel-interp in Resources */ = {isa = PBXBuildFile; fileRef = 8990E02323377748006B96B5 /* mk-and-rel-interp */; };
		8990E026233777CF006B96B5 /* Extensions.swift in Sources */ = {isa = PBXBuildFile; fileRef = 8990E025233777CF006B96B5 /* Extensions.swift */; };
/* End PBXBuildFile section */

/* Begin PBXFileReference section */
		8911EF6D2337862A005655BF /* EditorWindowController.xib */ = {isa = PBXFileReference; fileEncoding = 4; lastKnownFileType = file.xib; path = EditorWindowController.xib; sourceTree = "<group>"; };
		8911EF6F23378636005655BF /* SemanticsWindowController.xib */ = {isa = PBXFileReference; fileEncoding = 4; lastKnownFileType = file.xib; path = SemanticsWindowController.xib; sourceTree = "<group>"; };
		8911EF712337863E005655BF /* MainMenu.xib */ = {isa = PBXFileReference; fileEncoding = 4; lastKnownFileType = file.xib; path = MainMenu.xib; sourceTree = "<group>"; };
		8990E00A23377330006B96B5 /* Barliman.app */ = {isa = PBXFileReference; explicitFileType = wrapper.application; includeInIndex = 0; path = Barliman.app; sourceTree = BUILT_PRODUCTS_DIR; };
		8990E00D23377330006B96B5 /* AppDelegate.swift */ = {isa = PBXFileReference; lastKnownFileType = sourcecode.swift; path = AppDelegate.swift; sourceTree = "<group>"; };
		8990E00F23377330006B96B5 /* Assets.xcassets */ = {isa = PBXFileReference; lastKnownFileType = folder.assetcatalog; path = Assets.xcassets; sourceTree = "<group>"; };
		8990E01423377330006B96B5 /* Info.plist */ = {isa = PBXFileReference; lastKnownFileType = text.plist.xml; path = Info.plist; sourceTree = "<group>"; };
		8990E01523377330006B96B5 /* Barliman.entitlements */ = {isa = PBXFileReference; lastKnownFileType = text.plist.entitlements; path = Barliman.entitlements; sourceTree = "<group>"; };
		8990E01B23377499006B96B5 /* SemanticsWindowController.swift */ = {isa = PBXFileReference; lastKnownFileType = sourcecode.swift; path = SemanticsWindowController.swift; sourceTree = "<group>"; };
		8990E01D23377516006B96B5 /* EditorWindowController.swift */ = {isa = PBXFileReference; lastKnownFileType = sourcecode.swift; path = EditorWindowController.swift; sourceTree = "<group>"; };
		8990E01F23377589006B96B5 /* SchemeEditorTextView.swift */ = {isa = PBXFileReference; lastKnownFileType = sourcecode.swift; path = SchemeEditorTextView.swift; sourceTree = "<group>"; };
		8990E02123377706006B96B5 /* RunSchemeOperation.swift */ = {isa = PBXFileReference; lastKnownFileType = sourcecode.swift; path = RunSchemeOperation.swift; sourceTree = "<group>"; };
		8990E02323377748006B96B5 /* mk-and-rel-interp */ = {isa = PBXFileReference; lastKnownFileType = folder; path = "mk-and-rel-interp"; sourceTree = "<group>"; };
		8990E025233777CF006B96B5 /* Extensions.swift */ = {isa = PBXFileReference; lastKnownFileType = sourcecode.swift; path = Extensions.swift; sourceTree = "<group>"; };
/* End PBXFileReference section */

/* Begin PBXFrameworksBuildPhase section */
		8990E00723377330006B96B5 /* Frameworks */ = {
			isa = PBXFrameworksBuildPhase;
			buildActionMask = 2147483647;
			files = (
			);
			runOnlyForDeploymentPostprocessing = 0;
		};
/* End PBXFrameworksBuildPhase section */

/* Begin PBXGroup section */
		8990E00123377330006B96B5 = {
			isa = PBXGroup;
			children = (
				8990E00C23377330006B96B5 /* Barliman */,
				8990E00B23377330006B96B5 /* Products */,
			);
			sourceTree = "<group>";
		};
		8990E00B23377330006B96B5 /* Products */ = {
			isa = PBXGroup;
			children = (
				8990E00A23377330006B96B5 /* Barliman.app */,
			);
			name = Products;
			sourceTree = "<group>";
		};
		8990E00C23377330006B96B5 /* Barliman */ = {
			isa = PBXGroup;
			children = (
				8990E00D23377330006B96B5 /* AppDelegate.swift */,
				8990E00F23377330006B96B5 /* Assets.xcassets */,
				8911EF712337863E005655BF /* MainMenu.xib */,
				8990E01423377330006B96B5 /* Info.plist */,
				8990E01D23377516006B96B5 /* EditorWindowController.swift */,
				8911EF6D2337862A005655BF /* EditorWindowController.xib */,
				8990E01F23377589006B96B5 /* SchemeEditorTextView.swift */,
				8990E025233777CF006B96B5 /* Extensions.swift */,
				8990E01B23377499006B96B5 /* SemanticsWindowController.swift */,
				8911EF6F23378636005655BF /* SemanticsWindowController.xib */,
				8990E02323377748006B96B5 /* mk-and-rel-interp */,
				8990E02123377706006B96B5 /* RunSchemeOperation.swift */,
				8990E01523377330006B96B5 /* Barliman.entitlements */,
			);
			path = Barliman;
			sourceTree = "<group>";
		};
/* End PBXGroup section */

/* Begin PBXNativeTarget section */
		8990E00923377330006B96B5 /* Barliman */ = {
			isa = PBXNativeTarget;
			buildConfigurationList = 8990E01823377330006B96B5 /* Build configuration list for PBXNativeTarget "Barliman" */;
			buildPhases = (
				8990E00623377330006B96B5 /* Sources */,
				8990E00723377330006B96B5 /* Frameworks */,
				8990E00823377330006B96B5 /* Resources */,
			);
			buildRules = (
			);
			dependencies = (
			);
			name = Barliman;
			productName = Barliman;
			productReference = 8990E00A23377330006B96B5 /* Barliman.app */;
			productType = "com.apple.product-type.application";
		};
/* End PBXNativeTarget section */

/* Begin PBXProject section */
		8990E00223377330006B96B5 /* Project object */ = {
			isa = PBXProject;
			attributes = {
				LastSwiftUpdateCheck = 1100;
				LastUpgradeCheck = 1120;
				ORGANIZATIONNAME = "William Byrd";
				TargetAttributes = {
					8990E00923377330006B96B5 = {
						CreatedOnToolsVersion = 11.0;
					};
				};
			};
			buildConfigurationList = 8990E00523377330006B96B5 /* Build configuration list for PBXProject "Barliman" */;
			compatibilityVersion = "Xcode 9.3";
			developmentRegion = en;
			hasScannedForEncodings = 0;
			knownRegions = (
				en,
				Base,
			);
			mainGroup = 8990E00123377330006B96B5;
			productRefGroup = 8990E00B23377330006B96B5 /* Products */;
			projectDirPath = "";
			projectRoot = "";
			targets = (
				8990E00923377330006B96B5 /* Barliman */,
			);
		};
/* End PBXProject section */

/* Begin PBXResourcesBuildPhase section */
		8990E00823377330006B96B5 /* Resources */ = {
			isa = PBXResourcesBuildPhase;
			buildActionMask = 2147483647;
			files = (
				8990E01023377330006B96B5 /* Assets.xcassets in Resources */,
				8911EF722337863E005655BF /* MainMenu.xib in Resources */,
				8911EF7023378636005655BF /* SemanticsWindowController.xib in Resources */,
				8990E02423377749006B96B5 /* mk-and-rel-interp in Resources */,
				8911EF6E2337862A005655BF /* EditorWindowController.xib in Resources */,
			);
			runOnlyForDeploymentPostprocessing = 0;
		};
/* End PBXResourcesBuildPhase section */

/* Begin PBXSourcesBuildPhase section */
		8990E00623377330006B96B5 /* Sources */ = {
			isa = PBXSourcesBuildPhase;
			buildActionMask = 2147483647;
			files = (
				8990E00E23377330006B96B5 /* AppDelegate.swift in Sources */,
				8990E026233777CF006B96B5 /* Extensions.swift in Sources */,
				8990E02023377589006B96B5 /* SchemeEditorTextView.swift in Sources */,
				8990E02223377706006B96B5 /* RunSchemeOperation.swift in Sources */,
				8990E01C23377499006B96B5 /* SemanticsWindowController.swift in Sources */,
				8990E01E23377516006B96B5 /* EditorWindowController.swift in Sources */,
			);
			runOnlyForDeploymentPostprocessing = 0;
		};
/* End PBXSourcesBuildPhase section */

/* Begin XCBuildConfiguration section */
		8990E01623377330006B96B5 /* Debug */ = {
			isa = XCBuildConfiguration;
			buildSettings = {
				ALWAYS_SEARCH_USER_PATHS = NO;
				CLANG_ANALYZER_NONNULL = YES;
				CLANG_ANALYZER_NUMBER_OBJECT_CONVERSION = YES_AGGRESSIVE;
				CLANG_CXX_LANGUAGE_STANDARD = "gnu++14";
				CLANG_CXX_LIBRARY = "libc++";
				CLANG_ENABLE_MODULES = YES;
				CLANG_ENABLE_OBJC_ARC = YES;
				CLANG_ENABLE_OBJC_WEAK = YES;
				CLANG_WARN_BLOCK_CAPTURE_AUTORELEASING = YES;
				CLANG_WARN_BOOL_CONVERSION = YES;
				CLANG_WARN_COMMA = YES;
				CLANG_WARN_CONSTANT_CONVERSION = YES;
				CLANG_WARN_DEPRECATED_OBJC_IMPLEMENTATIONS = YES;
				CLANG_WARN_DIRECT_OBJC_ISA_USAGE = YES_ERROR;
				CLANG_WARN_DOCUMENTATION_COMMENTS = YES;
				CLANG_WARN_EMPTY_BODY = YES;
				CLANG_WARN_ENUM_CONVERSION = YES;
				CLANG_WARN_INFINITE_RECURSION = YES;
				CLANG_WARN_INT_CONVERSION = YES;
				CLANG_WARN_NON_LITERAL_NULL_CONVERSION = YES;
				CLANG_WARN_OBJC_IMPLICIT_RETAIN_SELF = YES;
				CLANG_WARN_OBJC_LITERAL_CONVERSION = YES;
				CLANG_WARN_OBJC_ROOT_CLASS = YES_ERROR;
				CLANG_WARN_RANGE_LOOP_ANALYSIS = YES;
				CLANG_WARN_STRICT_PROTOTYPES = YES;
				CLANG_WARN_SUSPICIOUS_MOVE = YES;
				CLANG_WARN_UNGUARDED_AVAILABILITY = YES_AGGRESSIVE;
				CLANG_WARN_UNREACHABLE_CODE = YES;
				CLANG_WARN__DUPLICATE_METHOD_MATCH = YES;
				COPY_PHASE_STRIP = NO;
				DEBUG_INFORMATION_FORMAT = dwarf;
				ENABLE_STRICT_OBJC_MSGSEND = YES;
				ENABLE_TESTABILITY = YES;
				GCC_C_LANGUAGE_STANDARD = gnu11;
				GCC_DYNAMIC_NO_PIC = NO;
				GCC_NO_COMMON_BLOCKS = YES;
				GCC_OPTIMIZATION_LEVEL = 0;
				GCC_PREPROCESSOR_DEFINITIONS = (
					"DEBUG=1",
					"$(inherited)",
				);
				GCC_WARN_64_TO_32_BIT_CONVERSION = YES;
				GCC_WARN_ABOUT_RETURN_TYPE = YES_ERROR;
				GCC_WARN_UNDECLARED_SELECTOR = YES;
				GCC_WARN_UNINITIALIZED_AUTOS = YES_AGGRESSIVE;
				GCC_WARN_UNUSED_FUNCTION = YES;
				GCC_WARN_UNUSED_VARIABLE = YES;
				MACOSX_DEPLOYMENT_TARGET = 10.14;
				MTL_ENABLE_DEBUG_INFO = INCLUDE_SOURCE;
				MTL_FAST_MATH = YES;
				ONLY_ACTIVE_ARCH = YES;
				SDKROOT = macosx;
				SWIFT_ACTIVE_COMPILATION_CONDITIONS = DEBUG;
				SWIFT_OPTIMIZATION_LEVEL = "-Onone";
			};
			name = Debug;
		};
		8990E01723377330006B96B5 /* Release */ = {
			isa = XCBuildConfiguration;
			buildSettings = {
				ALWAYS_SEARCH_USER_PATHS = NO;
				CLANG_ANALYZER_NONNULL = YES;
				CLANG_ANALYZER_NUMBER_OBJECT_CONVERSION = YES_AGGRESSIVE;
				CLANG_CXX_LANGUAGE_STANDARD = "gnu++14";
				CLANG_CXX_LIBRARY = "libc++";
				CLANG_ENABLE_MODULES = YES;
				CLANG_ENABLE_OBJC_ARC = YES;
				CLANG_ENABLE_OBJC_WEAK = YES;
				CLANG_WARN_BLOCK_CAPTURE_AUTORELEASING = YES;
				CLANG_WARN_BOOL_CONVERSION = YES;
				CLANG_WARN_COMMA = YES;
				CLANG_WARN_CONSTANT_CONVERSION = YES;
				CLANG_WARN_DEPRECATED_OBJC_IMPLEMENTATIONS = YES;
				CLANG_WARN_DIRECT_OBJC_ISA_USAGE = YES_ERROR;
				CLANG_WARN_DOCUMENTATION_COMMENTS = YES;
				CLANG_WARN_EMPTY_BODY = YES;
				CLANG_WARN_ENUM_CONVERSION = YES;
				CLANG_WARN_INFINITE_RECURSION = YES;
				CLANG_WARN_INT_CONVERSION = YES;
				CLANG_WARN_NON_LITERAL_NULL_CONVERSION = YES;
				CLANG_WARN_OBJC_IMPLICIT_RETAIN_SELF = YES;
				CLANG_WARN_OBJC_LITERAL_CONVERSION = YES;
				CLANG_WARN_OBJC_ROOT_CLASS = YES_ERROR;
				CLANG_WARN_RANGE_LOOP_ANALYSIS = YES;
				CLANG_WARN_STRICT_PROTOTYPES = YES;
				CLANG_WARN_SUSPICIOUS_MOVE = YES;
				CLANG_WARN_UNGUARDED_AVAILABILITY = YES_AGGRESSIVE;
				CLANG_WARN_UNREACHABLE_CODE = YES;
				CLANG_WARN__DUPLICATE_METHOD_MATCH = YES;
				COPY_PHASE_STRIP = NO;
				DEBUG_INFORMATION_FORMAT = "dwarf-with-dsym";
				ENABLE_NS_ASSERTIONS = NO;
				ENABLE_STRICT_OBJC_MSGSEND = YES;
				GCC_C_LANGUAGE_STANDARD = gnu11;
				GCC_NO_COMMON_BLOCKS = YES;
				GCC_WARN_64_TO_32_BIT_CONVERSION = YES;
				GCC_WARN_ABOUT_RETURN_TYPE = YES_ERROR;
				GCC_WARN_UNDECLARED_SELECTOR = YES;
				GCC_WARN_UNINITIALIZED_AUTOS = YES_AGGRESSIVE;
				GCC_WARN_UNUSED_FUNCTION = YES;
				GCC_WARN_UNUSED_VARIABLE = YES;
				MACOSX_DEPLOYMENT_TARGET = 10.14;
				MTL_ENABLE_DEBUG_INFO = NO;
				MTL_FAST_MATH = YES;
				SDKROOT = macosx;
				SWIFT_COMPILATION_MODE = wholemodule;
				SWIFT_OPTIMIZATION_LEVEL = "-O";
			};
			name = Release;
		};
		8990E01923377330006B96B5 /* Debug */ = {
			isa = XCBuildConfiguration;
			buildSettings = {
				ASSETCATALOG_COMPILER_APPICON_NAME = AppIcon;
				CODE_SIGN_ENTITLEMENTS = Barliman/Barliman.entitlements;
				CODE_SIGN_IDENTITY = "-";
				CODE_SIGN_STYLE = Automatic;
				COMBINE_HIDPI_IMAGES = YES;
				INFOPLIST_FILE = Barliman/Info.plist;
				LD_RUNPATH_SEARCH_PATHS = (
					"$(inherited)",
					"@executable_path/../Frameworks",
				);
				PRODUCT_BUNDLE_IDENTIFIER = com.Barliman.Barliman;
				PRODUCT_NAME = "$(TARGET_NAME)";
				SWIFT_VERSION = 5.0;
			};
			name = Debug;
		};
		8990E01A23377330006B96B5 /* Release */ = {
			isa = XCBuildConfiguration;
			buildSettings = {
				ASSETCATALOG_COMPILER_APPICON_NAME = AppIcon;
				CODE_SIGN_ENTITLEMENTS = Barliman/Barliman.entitlements;
				CODE_SIGN_IDENTITY = "-";
				CODE_SIGN_STYLE = Automatic;
				COMBINE_HIDPI_IMAGES = YES;
				INFOPLIST_FILE = Barliman/Info.plist;
				LD_RUNPATH_SEARCH_PATHS = (
					"$(inherited)",
					"@executable_path/../Frameworks",
				);
				PRODUCT_BUNDLE_IDENTIFIER = com.Barliman.Barliman;
				PRODUCT_NAME = "$(TARGET_NAME)";
				SWIFT_VERSION = 5.0;
			};
			name = Release;
		};
/* End XCBuildConfiguration section */

/* Begin XCConfigurationList section */
		8990E00523377330006B96B5 /* Build configuration list for PBXProject "Barliman" */ = {
			isa = XCConfigurationList;
			buildConfigurations = (
				8990E01623377330006B96B5 /* Debug */,
				8990E01723377330006B96B5 /* Release */,
			);
			defaultConfigurationIsVisible = 0;
			defaultConfigurationName = Release;
		};
		8990E01823377330006B96B5 /* Build configuration list for PBXNativeTarget "Barliman" */ = {
			isa = XCConfigurationList;
			buildConfigurations = (
				8990E01923377330006B96B5 /* Debug */,
				8990E01A23377330006B96B5 /* Release */,
			);
			defaultConfigurationIsVisible = 0;
			defaultConfigurationName = Release;
		};
/* End XCConfigurationList section */
	};
	rootObject = 8990E00223377330006B96B5 /* Project object */;
}
